
Microsoft Visual Studio Solution File, Format Version 12.00
# Visual Studio Version 17
VisualStudioVersion = 17.10.34902.84
MinimumVisualStudioVersion = 10.0.40219.1
Project("{FAE04EC0-301F-11D3-BF4B-00C04F79EFBC}") = "Calculator", "Calculator.csproj", "{765E7771-EA84-4A80-B928-11247B35056F}"
EndProject
Global
	GlobalSection(SolutionConfigurationPlatforms) = preSolution
		Debug|Any CPU = Debug|Any CPU
		Release|Any CPU = Release|Any CPU
	EndGlobalSection
	GlobalSection(ProjectConfigurationPlatforms) = postSolution
		{765E7771-EA84-4A80-B928-11247B35056F}.Debug|Any CPU.ActiveCfg = Debug|Any CPU
		{765E7771-EA84-4A80-B928-11247B35056F}.Debug|Any CPU.Build.0 = Debug|Any CPU
		{765E7771-EA84-4A80-B928-11247B35056F}.Debug|Any CPU.Deploy.0 = Debug|Any CPU
		{765E7771-EA84-4A80-B928-11247B35056F}.Release|Any CPU.ActiveCfg = Release|Any CPU
		{765E7771-EA84-4A80-B928-11247B35056F}.Release|Any CPU.Build.0 = Release|Any CPU
		{765E7771-EA84-4A80-B928-11247B35056F}.Release|Any CPU.Deploy.0 = Release|Any CPU
	EndGlobalSection
	GlobalSection(SolutionProperties) = preSolution
		HideSolutionNode = FALSE
	EndGlobalSection
	GlobalSection(ExtensibilityGlobals) = postSolution
		SolutionGuid = {1062EE1A-9644-46F2-BA45-C4CD87DC64A9}
	EndGlobalSection
EndGlobal
